// !$*UTF8*$!
{
	archiveVersion = 1;
	classes = {
	};
	objectVersion = 46;
	objects = {

/* Begin PBXBuildFile section */
		AA3427351F700671009FF8A8 /* main.m in Sources */ = {isa = PBXBuildFile; fileRef = AA3427341F700671009FF8A8 /* main.m */; };
		AA3427381F700671009FF8A8 /* AppDelegate.m in Sources */ = {isa = PBXBuildFile; fileRef = AA3427371F700671009FF8A8 /* AppDelegate.m */; };
		AA34273E1F700671009FF8A8 /* Main.storyboard in Resources */ = {isa = PBXBuildFile; fileRef = AA34273C1F700671009FF8A8 /* Main.storyboard */; };
		AA3427401F700671009FF8A8 /* Assets.xcassets in Resources */ = {isa = PBXBuildFile; fileRef = AA34273F1F700671009FF8A8 /* Assets.xcassets */; };
		AA3427431F700671009FF8A8 /* LaunchScreen.storyboard in Resources */ = {isa = PBXBuildFile; fileRef = AA3427411F700671009FF8A8 /* LaunchScreen.storyboard */; };
		AA3427511F700C11009FF8A8 /* PagerViewController.m in Sources */ = {isa = PBXBuildFile; fileRef = AA3427501F700C11009FF8A8 /* PagerViewController.m */; };
/* End PBXBuildFile section */

/* Begin PBXFileReference section */
		AA3427301F700671009FF8A8 /* 1-Pager.app */ = {isa = PBXFileReference; explicitFileType = wrapper.application; includeInIndex = 0; path = "1-Pager.app"; sourceTree = BUILT_PRODUCTS_DIR; };
		AA3427341F700671009FF8A8 /* main.m */ = {isa = PBXFileReference; lastKnownFileType = sourcecode.c.objc; path = main.m; sourceTree = "<group>"; };
		AA3427361F700671009FF8A8 /* AppDelegate.h */ = {isa = PBXFileReference; lastKnownFileType = sourcecode.c.h; path = AppDelegate.h; sourceTree = "<group>"; };
		AA3427371F700671009FF8A8 /* AppDelegate.m */ = {isa = PBXFileReference; lastKnownFileType = sourcecode.c.objc; path = AppDelegate.m; sourceTree = "<group>"; };
		AA34273D1F700671009FF8A8 /* Base */ = {isa = PBXFileReference; lastKnownFileType = file.storyboard; name = Base; path = Base.lproj/Main.storyboard; sourceTree = "<group>"; };
		AA34273F1F700671009FF8A8 /* Assets.xcassets */ = {isa = PBXFileReference; lastKnownFileType = folder.assetcatalog; path = Assets.xcassets; sourceTree = "<group>"; };
		AA3427421F700671009FF8A8 /* Base */ = {isa = PBXFileReference; lastKnownFileType = file.storyboard; name = Base; path = Base.lproj/LaunchScreen.storyboard; sourceTree = "<group>"; };
		AA3427441F700671009FF8A8 /* Info.plist */ = {isa = PBXFileReference; lastKnownFileType = text.plist.xml; path = Info.plist; sourceTree = "<group>"; };
		AA34274F1F700C11009FF8A8 /* PagerViewController.h */ = {isa = PBXFileReference; fileEncoding = 4; lastKnownFileType = sourcecode.c.h; path = PagerViewController.h; sourceTree = "<group>"; };
		AA3427501F700C11009FF8A8 /* PagerViewController.m */ = {isa = PBXFileReference; fileEncoding = 4; lastKnownFileType = sourcecode.c.objc; path = PagerViewController.m; sourceTree = "<group>"; };
/* End PBXFileReference section */

/* Begin PBXFrameworksBuildPhase section */
		AA34272D1F700671009FF8A8 /* Frameworks */ = {
			isa = PBXFrameworksBuildPhase;
			buildActionMask = 2147483647;
			files = (
			);
			runOnlyForDeploymentPostprocessing = 0;
		};
/* End PBXFrameworksBuildPhase section */

/* Begin PBXGroup section */
		AA3427271F700671009FF8A8 = {
			isa = PBXGroup;
			children = (
				AA3427321F700671009FF8A8 /* Pager */,
				AA3427311F700671009FF8A8 /* Products */,
			);
			sourceTree = "<group>";
		};
		AA3427311F700671009FF8A8 /* Products */ = {
			isa = PBXGroup;
			children = (
				AA3427301F700671009FF8A8 /* 1-Pager.app */,
			);
			name = Products;
			sourceTree = "<group>";
		};
		AA3427321F700671009FF8A8 /* Pager */ = {
			isa = PBXGroup;
			children = (
				AA34274F1F700C11009FF8A8 /* PagerViewController.h */,
				AA3427501F700C11009FF8A8 /* PagerViewController.m */,
				AA34273C1F700671009FF8A8 /* Main.storyboard */,
				AA3427331F700671009FF8A8 /* Supporting Files */,
			);
			path = Pager;
			sourceTree = "<group>";
		};
		AA3427331F700671009FF8A8 /* Supporting Files */ = {
			isa = PBXGroup;
			children = (
				AA3427361F700671009FF8A8 /* AppDelegate.h */,
				AA3427371F700671009FF8A8 /* AppDelegate.m */,
				AA34273F1F700671009FF8A8 /* Assets.xcassets */,
				AA3427411F700671009FF8A8 /* LaunchScreen.storyboard */,
				AA3427441F700671009FF8A8 /* Info.plist */,
				AA3427341F700671009FF8A8 /* main.m */,
			);
			name = "Supporting Files";
			sourceTree = "<group>";
		};
/* End PBXGroup section */

/* Begin PBXNativeTarget section */
		AA34272F1F700671009FF8A8 /* 1-Pager */ = {
			isa = PBXNativeTarget;
			buildConfigurationList = AA3427471F700671009FF8A8 /* Build configuration list for PBXNativeTarget "1-Pager" */;
			buildPhases = (
				AA34272C1F700671009FF8A8 /* Sources */,
				AA34272D1F700671009FF8A8 /* Frameworks */,
				AA34272E1F700671009FF8A8 /* Resources */,
			);
			buildRules = (
			);
			dependencies = (
			);
			name = "1-Pager";
			productName = Pager;
			productReference = AA3427301F700671009FF8A8 /* 1-Pager.app */;
			productType = "com.apple.product-type.application";
		};
/* End PBXNativeTarget section */

/* Begin PBXProject section */
		AA3427281F700671009FF8A8 /* Project object */ = {
			isa = PBXProject;
			attributes = {
				LastUpgradeCheck = 0830;
				ORGANIZATIONNAME = steve;
				TargetAttributes = {
					AA34272F1F700671009FF8A8 = {
						CreatedOnToolsVersion = 8.3.3;
						DevelopmentTeam = H2GBZ259YT;
						ProvisioningStyle = Automatic;
					};
				};
			};
			buildConfigurationList = AA34272B1F700671009FF8A8 /* Build configuration list for PBXProject "1-Pager" */;
			compatibilityVersion = "Xcode 3.2";
			developmentRegion = English;
			hasScannedForEncodings = 0;
			knownRegions = (
				en,
				Base,
			);
			mainGroup = AA3427271F700671009FF8A8;
			productRefGroup = AA3427311F700671009FF8A8 /* Products */;
			projectDirPath = "";
			projectRoot = "";
			targets = (
				AA34272F1F700671009FF8A8 /* 1-Pager */,
			);
		};
/* End PBXProject section */

/* Begin PBXResourcesBuildPhase section */
		AA34272E1F700671009FF8A8 /* Resources */ = {
			isa = PBXResourcesBuildPhase;
			buildActionMask = 2147483647;
			files = (
				AA3427431F700671009FF8A8 /* LaunchScreen.storyboard in Resources */,
				AA3427401F700671009FF8A8 /* Assets.xcassets in Resources */,
				AA34273E1F700671009FF8A8 /* Main.storyboard in Resources */,
			);
			runOnlyForDeploymentPostprocessing = 0;
		};
/* End PBXResourcesBuildPhase section */

/* Begin PBXSourcesBuildPhase section */
		AA34272C1F700671009FF8A8 /* Sources */ = {
			isa = PBXSourcesBuildPhase;
			buildActionMask = 2147483647;
			files = (
				AA3427381F700671009FF8A8 /* AppDelegate.m in Sources */,
				AA3427511F700C11009FF8A8 /* PagerViewController.m in Sources */,
				AA3427351F700671009FF8A8 /* main.m in Sources */,
			);
			runOnlyForDeploymentPostprocessing = 0;
		};
/* End PBXSourcesBuildPhase section */

/* Begin PBXVariantGroup section */
		AA34273C1F700671009FF8A8 /* Main.storyboard */ = {
			isa = PBXVariantGroup;
			children = (
				AA34273D1F700671009FF8A8 /* Base */,
			);
			name = Main.storyboard;
			sourceTree = "<group>";
		};
		AA3427411F700671009FF8A8 /* LaunchScreen.storyboard */ = {
			isa = PBXVariantGroup;
			children = (
				AA3427421F700671009FF8A8 /* Base */,
			);
			name = LaunchScreen.storyboard;
			sourceTree = "<group>";
		};
/* End PBXVariantGroup section */

/* Begin XCBuildConfiguration section */
		AA3427451F700671009FF8A8 /* Debug */ = {
			isa = XCBuildConfiguration;
			buildSettings = {
				ALWAYS_SEARCH_USER_PATHS = NO;
				CLANG_ANALYZER_NONNULL = YES;
				CLANG_ANALYZER_NUMBER_OBJECT_CONVERSION = YES_AGGRESSIVE;
				CLANG_CXX_LANGUAGE_STANDARD = "gnu++0x";
				CLANG_CXX_LIBRARY = "libc++";
				CLANG_ENABLE_MODULES = YES;
				CLANG_ENABLE_OBJC_ARC = YES;
				CLANG_WARN_BOOL_CONVERSION = YES;
				CLANG_WARN_CONSTANT_CONVERSION = YES;
				CLANG_WARN_DIRECT_OBJC_ISA_USAGE = YES_ERROR;
				CLANG_WARN_DOCUMENTATION_COMMENTS = YES;
				CLANG_WARN_EMPTY_BODY = YES;
				CLANG_WARN_ENUM_CONVERSION = YES;
				CLANG_WARN_INFINITE_RECURSION = YES;
				CLANG_WARN_INT_CONVERSION = YES;
				CLANG_WARN_OBJC_ROOT_CLASS = YES_ERROR;
				CLANG_WARN_SUSPICIOUS_MOVE = YES;
				CLANG_WARN_UNREACHABLE_CODE = YES;
				CLANG_WARN__DUPLICATE_METHOD_MATCH = YES;
				"CODE_SIGN_IDENTITY[sdk=iphoneos*]" = "iPhone Developer";
				COPY_PHASE_STRIP = NO;
				DEBUG_INFORMATION_FORMAT = dwarf;
				ENABLE_STRICT_OBJC_MSGSEND = YES;
				ENABLE_TESTABILITY = YES;
				GCC_C_LANGUAGE_STANDARD = gnu99;
				GCC_DYNAMIC_NO_PIC = NO;
				GCC_NO_COMMON_BLOCKS = YES;
				GCC_OPTIMIZATION_LEVEL = 0;
				GCC_PREPROCESSOR_DEFINITIONS = (
					"DEBUG=1",
					"$(inherited)",
				);
				GCC_WARN_64_TO_32_BIT_CONVERSION = YES;
				GCC_WARN_ABOUT_RETURN_TYPE = YES_ERROR;
				GCC_WARN_UNDECLARED_SELECTOR = YES;
				GCC_WARN_UNINITIALIZED_AUTOS = YES_AGGRESSIVE;
				GCC_WARN_UNUSED_FUNCTION = YES;
				GCC_WARN_UNUSED_VARIABLE = YES;
				IPHONEOS_DEPLOYMENT_TARGET = 10.3;
				MTL_ENABLE_DEBUG_INFO = YES;
				ONLY_ACTIVE_ARCH = YES;
				SDKROOT = iphoneos;
				TARGETED_DEVICE_FAMILY = "1,2";
			};
			name = Debug;
		};
		AA3427461F700671009FF8A8 /* Release */ = {
			isa = XCBuildConfiguration;
			buildSettings = {
				ALWAYS_SEARCH_USER_PATHS = NO;
				CLANG_ANALYZER_NONNULL = YES;
				CLANG_ANALYZER_NUMBER_OBJECT_CONVERSION = YES_AGGRESSIVE;
				CLANG_CXX_LANGUAGE_STANDARD = "gnu++0x";
				CLANG_CXX_LIBRARY = "libc++";
				CLANG_ENABLE_MODULES = YES;
				CLANG_ENABLE_OBJC_ARC = YES;
				CLANG_WARN_BOOL_CONVERSION = YES;
				CLANG_WARN_CONSTANT_CONVERSION = YES;
				CLANG_WARN_DIRECT_OBJC_ISA_USAGE = YES_ERROR;
				CLANG_WARN_DOCUMENTATION_COMMENTS = YES;
				CLANG_WARN_EMPTY_BODY = YES;
				CLANG_WARN_ENUM_CONVERSION = YES;
				CLANG_WARN_INFINITE_RECURSION = YES;
				CLANG_WARN_INT_CONVERSION = YES;
				CLANG_WARN_OBJC_ROOT_CLASS = YES_ERROR;
				CLANG_WARN_SUSPICIOUS_MOVE = YES;
				CLANG_WARN_UNREACHABLE_CODE = YES;
				CLANG_WARN__DUPLICATE_METHOD_MATCH = YES;
				"CODE_SIGN_IDENTITY[sdk=iphoneos*]" = "iPhone Developer";
				COPY_PHASE_STRIP = NO;
				DEBUG_INFORMATION_FORMAT = "dwarf-with-dsym";
				ENABLE_NS_ASSERTIONS = NO;
				ENABLE_STRICT_OBJC_MSGSEND = YES;
				GCC_C_LANGUAGE_STANDARD = gnu99;
				GCC_NO_COMMON_BLOCKS = YES;
				GCC_WARN_64_TO_32_BIT_CONVERSION = YES;
				GCC_WARN_ABOUT_RETURN_TYPE = YES_ERROR;
				GCC_WARN_UNDECLARED_SELECTOR = YES;
				GCC_WARN_UNINITIALIZED_AUTOS = YES_AGGRESSIVE;
				GCC_WARN_UNUSED_FUNCTION = YES;
				GCC_WARN_UNUSED_VARIABLE = YES;
				IPHONEOS_DEPLOYMENT_TARGET = 10.3;
				MTL_ENABLE_DEBUG_INFO = NO;
				SDKROOT = iphoneos;
				TARGETED_DEVICE_FAMILY = "1,2";
				VALIDATE_PRODUCT = YES;
			};
			name = Release;
		};
		AA3427481F700671009FF8A8 /* Debug */ = {
			isa = XCBuildConfiguration;
			buildSettings = {
				ASSETCATALOG_COMPILER_APPICON_NAME = AppIcon;
				DEVELOPMENT_TEAM = H2GBZ259YT;
				INFOPLIST_FILE = Pager/Info.plist;
				LD_RUNPATH_SEARCH_PATHS = "$(inherited) @executable_path/Frameworks";
				PRODUCT_BUNDLE_IDENTIFIER = "com.lighthouse-labs.pager";
				PRODUCT_NAME = "$(TARGET_NAME)";
			};
			name = Debug;
		};
		AA3427491F700671009FF8A8 /* Release */ = {
			isa = XCBuildConfiguration;
			buildSettings = {
				ASSETCATALOG_COMPILER_APPICON_NAME = AppIcon;
				DEVELOPMENT_TEAM = H2GBZ259YT;
				INFOPLIST_FILE = Pager/Info.plist;
				LD_RUNPATH_SEARCH_PATHS = "$(inherited) @executable_path/Frameworks";
				PRODUCT_BUNDLE_IDENTIFIER = "com.lighthouse-labs.pager";
				PRODUCT_NAME = "$(TARGET_NAME)";
			};
			name = Release;
		};
/* End XCBuildConfiguration section */

/* Begin XCConfigurationList section */
		AA34272B1F700671009FF8A8 /* Build configuration list for PBXProject "1-Pager" */ = {
			isa = XCConfigurationList;
			buildConfigurations = (
				AA3427451F700671009FF8A8 /* Debug */,
				AA3427461F700671009FF8A8 /* Release */,
			);
			defaultConfigurationIsVisible = 0;
			defaultConfigurationName = Release;
		};
		AA3427471F700671009FF8A8 /* Build configuration list for PBXNativeTarget "1-Pager" */ = {
			isa = XCConfigurationList;
			buildConfigurations = (
				AA3427481F700671009FF8A8 /* Debug */,
				AA3427491F700671009FF8A8 /* Release */,
			);
			defaultConfigurationIsVisible = 0;
			defaultConfigurationName = Release;
		};
/* End XCConfigurationList section */
	};
	rootObject = AA3427281F700671009FF8A8 /* Project object */;
}
